<?xml version="1.0" encoding="utf-8"?>
<Project ToolsVersion="4.0" xmlns="http://schemas.microsoft.com/developer/msbuild/2003">
  <ItemGroup>
    <Filter Include="Math">
      <UniqueIdentifier>{f8ec12b8-75ab-4e51-b463-1c17c93becea}</UniqueIdentifier>
    </Filter>
  </ItemGroup>
  <ItemGroup>
    <ClCompile Include="..\Src\Test\Vector3fTest.cpp">
      <Filter>Math</Filter>
    </ClCompile>
  </ItemGroup>
</Project>