<?xml version="1.0" encoding="utf-8"?>
<Project ToolsVersion="4.0" xmlns="http://schemas.microsoft.com/developer/msbuild/2003">
  <ItemGroup>
    <Filter Include="Math">
      <UniqueIdentifier>{4dd440c0-40f3-4b9b-ab23-91dfef7f8248}</UniqueIdentifier>
    </Filter>
    <Filter Include="Core">
      <UniqueIdentifier>{aa2f07bf-716b-480f-8fe0-6db81d993028}</UniqueIdentifier>
    </Filter>
    <Filter Include="Core\Geometry">
      <UniqueIdentifier>{10434929-d66c-4e50-90b6-4e66b6469256}</UniqueIdentifier>
    </Filter>
    <Filter Include="Core\Accel">
      <UniqueIdentifier>{e487e419-6a7c-497f-89ce-22fbfd11f76d}</UniqueIdentifier>
    </Filter>
    <Filter Include="Ext">
      <UniqueIdentifier>{b1f235bf-9793-4a7c-94e3-7723a95099be}</UniqueIdentifier>
    </Filter>
    <Filter Include="Ext\stb">
      <UniqueIdentifier>{cbc8e203-8029-4b6a-a11c-65c1e3b4e168}</UniqueIdentifier>
    </Filter>
    <Filter Include="Core\Integrator">
      <UniqueIdentifier>{5c9bbb70-98c5-48ef-b127-ce1d72ff6a63}</UniqueIdentifier>
    </Filter>
    <Filter Include="Core\Material">
      <UniqueIdentifier>{d8462ec5-0fd0-4123-aac2-fdd8fb27e5e1}</UniqueIdentifier>
    </Filter>
    <Filter Include="Core\Sampler">
      <UniqueIdentifier>{72c197c6-3053-4baa-a916-93fb6e67796e}</UniqueIdentifier>
    </Filter>
    <Filter Include="Ext\vdb">
      <UniqueIdentifier>{e747f610-3b3a-4c5a-b94e-dcee83ac9270}</UniqueIdentifier>
    </Filter>
  </ItemGroup>
  <ItemGroup>
    <ClInclude Include="..\Src\Math\Vector3f.h">
      <Filter>Math</Filter>
    </ClInclude>
    <ClInclude Include="..\Src\Math\MathUtils.h">
      <Filter>Math</Filter>
    </ClInclude>
    <ClInclude Include="..\Src\Core\Geometry\GeometryBase.h">
      <Filter>Core\Geometry</Filter>
    </ClInclude>
    <ClInclude Include="..\Src\Core\Geometry\Triangle.h">
      <Filter>Core\Geometry</Filter>
    </ClInclude>
    <ClInclude Include="..\Src\Core\Geometry\Vertex.h">
      <Filter>Core\Geometry</Filter>
    </ClInclude>
    <ClInclude Include="..\Src\Core\HitInfo.h">
      <Filter>Core</Filter>
    </ClInclude>
    <ClInclude Include="..\Src\Core\Ray.h">
      <Filter>Core</Filter>
    </ClInclude>
    <ClInclude Include="..\Src\Core\Camera.h">
      <Filter>Core</Filter>
    </ClInclude>
    <ClInclude Include="..\Src\Math\XorShift.h">
      <Filter>Math</Filter>
    </ClInclude>
    <ClInclude Include="..\Src\stdafx.h" />
    <ClInclude Include="..\Src\Ext\stb\stb_image.h">
      <Filter>Ext\stb</Filter>
    </ClInclude>
    <ClInclude Include="..\Src\Core\Texture2D.h">
      <Filter>Core</Filter>
    </ClInclude>
    <ClInclude Include="..\Src\Ext\stb\stb_image_write.h">
      <Filter>Ext\stb</Filter>
    </ClInclude>
    <ClInclude Include="..\Src\Core\Geometry\Sphere.h">
      <Filter>Core\Geometry</Filter>
    </ClInclude>
    <ClInclude Include="..\Src\Core\Scene.h">
      <Filter>Core</Filter>
    </ClInclude>
    <ClInclude Include="..\Src\Core\Integrator\PathTracing.h">
      <Filter>Core\Integrator</Filter>
    </ClInclude>
    <ClInclude Include="..\Src\Math\OrthonormalBasis.h">
      <Filter>Math</Filter>
    </ClInclude>
    <ClInclude Include="..\Src\Core\Accel\BruteForce.h">
      <Filter>Core\Accel</Filter>
    </ClInclude>
    <ClInclude Include="..\Src\Core\Material\MaterialBase.h">
      <Filter>Core\Material</Filter>
    </ClInclude>
    <ClInclude Include="..\Src\Core\Material\Lambert.h">
      <Filter>Core\Material</Filter>
    </ClInclude>
    <ClInclude Include="..\Src\Core\Petrichor.h" />
    <ClInclude Include="..\Src\Core\Material\Emission.h">
      <Filter>Core\Material</Filter>
    </ClInclude>
    <ClInclude Include="..\Src\Core\TileManager.h">
      <Filter>Core</Filter>
    </ClInclude>
    <ClInclude Include="..\Src\Math\Halton.h">
      <Filter>Math</Filter>
    </ClInclude>
    <ClInclude Include="..\Src\Core\Sampler\ISampler2D.h">
      <Filter>Core\Sampler</Filter>
    </ClInclude>
    <ClInclude Include="..\Src\Core\Sampler\MicroJitteredSampler.h">
      <Filter>Core\Sampler</Filter>
    </ClInclude>
    <ClInclude Include="..\Src\Core\Sampler\RandomSampler2D.h">
      <Filter>Core\Sampler</Filter>
    </ClInclude>
    <ClInclude Include="..\Src\Core\Material\GGX.h">
      <Filter>Core\Material</Filter>
    </ClInclude>
    <ClInclude Include="..\Src\Core\Environment.h">
      <Filter>Core</Filter>
    </ClInclude>
    <ClInclude Include="..\Src\Core\Assert.h">
      <Filter>Core</Filter>
    </ClInclude>
    <ClInclude Include="..\Src\Core\Constants.h">
      <Filter>Core</Filter>
    </ClInclude>
    <ClInclude Include="..\Src\Core\Accel\BVHNode.h">
      <Filter>Core\Accel</Filter>
    </ClInclude>
    <ClInclude Include="..\Src\Core\Accel\BVH.h">
      <Filter>Core\Accel</Filter>
    </ClInclude>
    <ClInclude Include="..\Src\Core\Accel\Bound.h">
      <Filter>Core\Accel</Filter>
    </ClInclude>
    <ClInclude Include="..\Src\Ext\vdb\vdb.h">
      <Filter>Ext\vdb</Filter>
    </ClInclude>
    <ClInclude Include="..\Src\Core\Geometry\Mesh.h">
      <Filter>Core\Geometry</Filter>
    </ClInclude>
    <ClInclude Include="..\Src\Core\Material\MatMix.h">
      <Filter>Core\Material</Filter>
    </ClInclude>
    <ClInclude Include="..\Src\Core\Accel\IAccelerationStructureBase.h">
      <Filter>Core\Accel</Filter>
    </ClInclude>
  </ItemGroup>
  <ItemGroup>
    <ClCompile Include="..\Src\Core\Geometry\Triangle.cpp">
      <Filter>Core\Geometry</Filter>
    </ClCompile>
    <ClCompile Include="..\Src\stdafx.cpp" />
    <ClCompile Include="..\Src\Core\Camera.cpp">
      <Filter>Core</Filter>
    </ClCompile>
    <ClCompile Include="..\Src\Core\Texture2D.cpp">
      <Filter>Core</Filter>
    </ClCompile>
    <ClCompile Include="..\Src\Core\Integrator\PathTracing.cpp">
      <Filter>Core\Integrator</Filter>
    </ClCompile>
    <ClCompile Include="..\Src\Math\OrthonormalBasis.cpp">
      <Filter>Math</Filter>
    </ClCompile>
    <ClCompile Include="..\Src\Core\Accel\BruteForce.cpp">
      <Filter>Core\Accel</Filter>
    </ClCompile>
    <ClCompile Include="..\Src\Core\Material\Lambert.cpp">
      <Filter>Core\Material</Filter>
    </ClCompile>
    <ClCompile Include="..\Src\Core\Petrichor.cpp" />
    <ClCompile Include="..\Src\Core\Material\Emission.cpp">
      <Filter>Core\Material</Filter>
    </ClCompile>
    <ClCompile Include="..\Src\Core\TileManager.cpp">
      <Filter>Core</Filter>
    </ClCompile>
    <ClCompile Include="..\Src\Math\Halton.cpp">
      <Filter>Math</Filter>
    </ClCompile>
    <ClCompile Include="..\Src\Core\Sampler\MicroJitteredSampler.cpp">
      <Filter>Core\Sampler</Filter>
    </ClCompile>
    <ClCompile Include="..\Src\Core\Geometry\Sphere.cpp">
      <Filter>Core\Geometry</Filter>
    </ClCompile>
    <ClCompile Include="..\Src\Core\main.cpp" />
    <ClCompile Include="..\Src\Core\Material\GGX.cpp">
      <Filter>Core\Material</Filter>
    </ClCompile>
    <ClCompile Include="..\Src\Core\Sampler\RandomSampler2D.cpp">
      <Filter>Core\Sampler</Filter>
    </ClCompile>
    <ClCompile Include="..\Src\Core\Environment.cpp">
      <Filter>Core</Filter>
    </ClCompile>
    <ClCompile Include="..\Src\Core\Accel\BVHNode.cpp">
      <Filter>Core\Accel</Filter>
    </ClCompile>
    <ClCompile Include="..\Src\Core\Accel\BVH.cpp">
      <Filter>Core\Accel</Filter>
    </ClCompile>
    <ClCompile Include="..\Src\Core\Accel\Bound.cpp">
      <Filter>Core\Accel</Filter>
    </ClCompile>
    <ClCompile Include="..\Src\Core\Geometry\Vertex.cpp">
      <Filter>Core\Geometry</Filter>
    </ClCompile>
    <ClCompile Include="..\Src\Core\Geometry\Mesh.cpp">
      <Filter>Core\Geometry</Filter>
    </ClCompile>
    <ClCompile Include="..\Src\Core\Material\MatMix.cpp">
      <Filter>Core\Material</Filter>
    </ClCompile>
  </ItemGroup>
</Project>