<?xml version="1.0" encoding="utf-8"?>
<Project ToolsVersion="4.0" xmlns="http://schemas.microsoft.com/developer/msbuild/2003">
  <ItemGroup>
    <Filter Include="Core">
      <UniqueIdentifier>{da0b5e06-b620-435d-8961-4d6ec8589727}</UniqueIdentifier>
    </Filter>
    <Filter Include="Core\Integrator">
      <UniqueIdentifier>{9da7eed4-5eda-4aa0-99a4-daad65d8e402}</UniqueIdentifier>
    </Filter>
    <Filter Include="Core\Accel">
      <UniqueIdentifier>{7deb30bc-8247-4b2e-b4b9-8e66ca4d7415}</UniqueIdentifier>
    </Filter>
    <Filter Include="Core\Geometry">
      <UniqueIdentifier>{774cad15-dd72-4215-aac1-1eb829a362af}</UniqueIdentifier>
    </Filter>
    <Filter Include="Core\Thread">
      <UniqueIdentifier>{eadf7e69-5b28-4c5b-a47b-a54dc3b3fc44}</UniqueIdentifier>
    </Filter>
  </ItemGroup>
  <ItemGroup>
    <ClCompile Include="Core\Accel\Bound.cpp">
      <Filter>Core</Filter>
    </ClCompile>
    <ClCompile Include="Core\Camera.cpp">
      <Filter>Core</Filter>
    </ClCompile>
    <ClCompile Include="Core\Material\Emission.cpp">
      <Filter>Core</Filter>
    </ClCompile>
    <ClCompile Include="Core\Environment.cpp">
      <Filter>Core</Filter>
    </ClCompile>
    <ClCompile Include="Core\Material\GGX.cpp">
      <Filter>Core</Filter>
    </ClCompile>
    <ClCompile Include="Core\Material\Lambert.cpp">
      <Filter>Core</Filter>
    </ClCompile>
    <ClCompile Include="Core\Material\MatMix.cpp">
      <Filter>Core</Filter>
    </ClCompile>
    <ClCompile Include="Core\Geometry\Mesh.cpp">
      <Filter>Core</Filter>
    </ClCompile>
    <ClCompile Include="Core\Sampler\MicroJitteredSampler.cpp">
      <Filter>Core</Filter>
    </ClCompile>
    <ClCompile Include="Core\Petrichor.cpp">
      <Filter>Core</Filter>
    </ClCompile>
    <ClCompile Include="Core\Sampler\RandomSampler2D.cpp">
      <Filter>Core</Filter>
    </ClCompile>
    <ClCompile Include="Core\Texture2D.cpp">
      <Filter>Core</Filter>
    </ClCompile>
    <ClCompile Include="Core\TileManager.cpp">
      <Filter>Core</Filter>
    </ClCompile>
    <ClCompile Include="Math\Halton.cpp">
      <Filter>Core</Filter>
    </ClCompile>
    <ClCompile Include="Math\OrthonormalBasis.cpp">
      <Filter>Core</Filter>
    </ClCompile>
    <ClCompile Include="Core\Scene.cpp">
      <Filter>Core</Filter>
    </ClCompile>
    <ClCompile Include="Core\SceneSettings.cpp">
      <Filter>Core</Filter>
    </ClCompile>
    <ClCompile Include="Core\Integrator\PathTracing.cpp">
      <Filter>Core\Integrator</Filter>
    </ClCompile>
    <ClCompile Include="Core\Integrator\SimplePathTracing.cpp">
      <Filter>Core\Integrator</Filter>
    </ClCompile>
    <ClCompile Include="Core\Accel\BruteForce.cpp">
      <Filter>Core\Accel</Filter>
    </ClCompile>
    <ClCompile Include="Core\Accel\BVH.cpp">
      <Filter>Core\Accel</Filter>
    </ClCompile>
    <ClCompile Include="Core\Geometry\Sphere.cpp">
      <Filter>Core\Geometry</Filter>
    </ClCompile>
    <ClCompile Include="Core\Geometry\Triangle.cpp">
      <Filter>Core\Geometry</Filter>
    </ClCompile>
    <ClCompile Include="Core\Geometry\Vertex.cpp">
      <Filter>Core\Geometry</Filter>
    </ClCompile>
    <ClCompile Include="Core\Accel\BVHNode.cpp">
      <Filter>Core\Accel</Filter>
    </ClCompile>
    <ClCompile Include="Core\Accel\SweepBVH.cpp" />
    <ClCompile Include="Core\Thread\ThreadPool.cpp" />
  </ItemGroup>
  <ItemGroup>
    <ClInclude Include="Core\Assert.h">
      <Filter>Core</Filter>
    </ClInclude>
    <ClInclude Include="Core\Accel\Bound.h">
      <Filter>Core</Filter>
    </ClInclude>
    <ClInclude Include="Core\Camera.h">
      <Filter>Core</Filter>
    </ClInclude>
    <ClInclude Include="Core\Constants.h">
      <Filter>Core</Filter>
    </ClInclude>
    <ClInclude Include="Core\Material\Emission.h">
      <Filter>Core</Filter>
    </ClInclude>
    <ClInclude Include="Core\Environment.h">
      <Filter>Core</Filter>
    </ClInclude>
    <ClInclude Include="Core\Material\GGX.h">
      <Filter>Core</Filter>
    </ClInclude>
    <ClInclude Include="Core\HitInfo.h">
      <Filter>Core</Filter>
    </ClInclude>
    <ClInclude Include="Core\Sampler\ISampler2D.h">
      <Filter>Core</Filter>
    </ClInclude>
    <ClInclude Include="Core\Material\Lambert.h">
      <Filter>Core</Filter>
    </ClInclude>
    <ClInclude Include="Core\Material\MaterialBase.h">
      <Filter>Core</Filter>
    </ClInclude>
    <ClInclude Include="Core\Material\MatMix.h">
      <Filter>Core</Filter>
    </ClInclude>
    <ClInclude Include="Core\Geometry\Mesh.h">
      <Filter>Core</Filter>
    </ClInclude>
    <ClInclude Include="Core\Sampler\MicroJitteredSampler.h">
      <Filter>Core</Filter>
    </ClInclude>
    <ClInclude Include="Core\Petrichor.h">
      <Filter>Core</Filter>
    </ClInclude>
    <ClInclude Include="Core\Sampler\RandomSampler2D.h">
      <Filter>Core</Filter>
    </ClInclude>
    <ClInclude Include="Core\Ray.h">
      <Filter>Core</Filter>
    </ClInclude>
    <ClInclude Include="Core\Scene.h">
      <Filter>Core</Filter>
    </ClInclude>
    <ClInclude Include="Core\Texture2D.h">
      <Filter>Core</Filter>
    </ClInclude>
    <ClInclude Include="Core\TileManager.h">
      <Filter>Core</Filter>
    </ClInclude>
    <ClInclude Include="Core\Color3f.h">
      <Filter>Core</Filter>
    </ClInclude>
    <ClInclude Include="Math\Halton.h">
      <Filter>Core</Filter>
    </ClInclude>
    <ClInclude Include="Math\MathUtils.h">
      <Filter>Core</Filter>
    </ClInclude>
    <ClInclude Include="Math\OrthonormalBasis.h">
      <Filter>Core</Filter>
    </ClInclude>
    <ClInclude Include="Math\Vector3f.h">
      <Filter>Core</Filter>
    </ClInclude>
    <ClInclude Include="Random\XorShift.h">
      <Filter>Core</Filter>
    </ClInclude>
    <ClInclude Include="Core\Sampler\ISampler1D.h">
      <Filter>Core</Filter>
    </ClInclude>
    <ClInclude Include="Core\Sampler\RandomSampler1D.h">
      <Filter>Core</Filter>
    </ClInclude>
    <ClInclude Include="Core\SceneSettings.h">
      <Filter>Core</Filter>
    </ClInclude>
    <ClInclude Include="Core\Integrator\PathTracing.h">
      <Filter>Core\Integrator</Filter>
    </ClInclude>
    <ClInclude Include="Core\Integrator\SimplePathTracing.h">
      <Filter>Core\Integrator</Filter>
    </ClInclude>
    <ClInclude Include="Core\Accel\AccelBase.h">
      <Filter>Core\Accel</Filter>
    </ClInclude>
    <ClInclude Include="Core\Accel\BruteForce.h">
      <Filter>Core\Accel</Filter>
    </ClInclude>
    <ClInclude Include="Core\Accel\BVH.h">
      <Filter>Core\Accel</Filter>
    </ClInclude>
    <ClInclude Include="Core\Geometry\Sphere.h">
      <Filter>Core\Geometry</Filter>
    </ClInclude>
    <ClInclude Include="Core\Geometry\Triangle.h">
      <Filter>Core\Geometry</Filter>
    </ClInclude>
    <ClInclude Include="Core\Geometry\Vertex.h">
      <Filter>Core\Geometry</Filter>
    </ClInclude>
    <ClInclude Include="Core\Geometry\GeometryBase.h">
      <Filter>Core\Geometry</Filter>
    </ClInclude>
    <ClInclude Include="Core\Accel\BVHNode.h">
      <Filter>Core\Accel</Filter>
    </ClInclude>
    <ClInclude Include="Core\Accel\SweepBVH.h">
      <Filter>Core\Accel</Filter>
    </ClInclude>
    <ClInclude Include="Core\Thread\ThreadPool.h">
      <Filter>Core\Thread</Filter>
    </ClInclude>
  </ItemGroup>
</Project>